
Microsoft Visual Studio Solution File, Format Version 12.00
# Visual Studio 15
VisualStudioVersion = 15.0.28010.2026
MinimumVisualStudioVersion = 10.0.40219.1
Project("{FAE04EC0-301F-11D3-BF4B-00C04F79EFBC}") = "interface_test", "interface_test\interface_test.csproj", "{DB23F306-4748-4F78-A041-BECFD0F43B14}"
EndProject
Global
	GlobalSection(SolutionConfigurationPlatforms) = preSolution
		Debug|Any CPU = Debug|Any CPU
		Release|Any CPU = Release|Any CPU
	EndGlobalSection
	GlobalSection(ProjectConfigurationPlatforms) = postSolution
		{DB23F306-4748-4F78-A041-BECFD0F43B14}.Debug|Any CPU.ActiveCfg = Debug|Any CPU
		{DB23F306-4748-4F78-A041-BECFD0F43B14}.Debug|Any CPU.Build.0 = Debug|Any CPU
		{DB23F306-4748-4F78-A041-BECFD0F43B14}.Release|Any CPU.ActiveCfg = Release|Any CPU
		{DB23F306-4748-4F78-A041-BECFD0F43B14}.Release|Any CPU.Build.0 = Release|Any CPU
	EndGlobalSection
	GlobalSection(SolutionProperties) = preSolution
		HideSolutionNode = FALSE
	EndGlobalSection
	GlobalSection(ExtensibilityGlobals) = postSolution
		SolutionGuid = {CEBBB1CD-6551-4EBD-A201-507AA4D90D5B}
	EndGlobalSection
EndGlobal
