
Microsoft Visual Studio Solution File, Format Version 12.00
# Visual Studio 15
VisualStudioVersion = 15.0.28010.2026
MinimumVisualStudioVersion = 10.0.40219.1
Project("{FAE04EC0-301F-11D3-BF4B-00C04F79EFBC}") = "LiskovPrinciple", "LiskovPrinciple\LiskovPrinciple.csproj", "{40AE061A-F7B0-4064-85DE-9073577A0223}"
EndProject
Global
	GlobalSection(SolutionConfigurationPlatforms) = preSolution
		Debug|Any CPU = Debug|Any CPU
		Release|Any CPU = Release|Any CPU
	EndGlobalSection
	GlobalSection(ProjectConfigurationPlatforms) = postSolution
		{40AE061A-F7B0-4064-85DE-9073577A0223}.Debug|Any CPU.ActiveCfg = Debug|Any CPU
		{40AE061A-F7B0-4064-85DE-9073577A0223}.Debug|Any CPU.Build.0 = Debug|Any CPU
		{40AE061A-F7B0-4064-85DE-9073577A0223}.Release|Any CPU.ActiveCfg = Release|Any CPU
		{40AE061A-F7B0-4064-85DE-9073577A0223}.Release|Any CPU.Build.0 = Release|Any CPU
	EndGlobalSection
	GlobalSection(SolutionProperties) = preSolution
		HideSolutionNode = FALSE
	EndGlobalSection
	GlobalSection(ExtensibilityGlobals) = postSolution
		SolutionGuid = {4EEB9052-14D4-436D-B2B0-FEDF6577D9B9}
	EndGlobalSection
EndGlobal
